
Microsoft Visual Studio Solution File, Format Version 12.00
# Visual Studio Version 16
VisualStudioVersion = 16.0.29806.167
MinimumVisualStudioVersion = 10.0.40219.1
Project("{8BC9CEB8-8B4A-11D0-8D11-00A0C91BC942}") = "postfixconversions", "postfixconversions\postfixconversions.vcxproj", "{1606A518-5EC3-42FF-8083-A50B1A650816}"
EndProject
Global
	GlobalSection(SolutionConfigurationPlatforms) = preSolution
		Debug|x64 = Debug|x64
		Debug|x86 = Debug|x86
		Release|x64 = Release|x64
		Release|x86 = Release|x86
	EndGlobalSection
	GlobalSection(ProjectConfigurationPlatforms) = postSolution
		{1606A518-5EC3-42FF-8083-A50B1A650816}.Debug|x64.ActiveCfg = Debug|x64
		{1606A518-5EC3-42FF-8083-A50B1A650816}.Debug|x64.Build.0 = Debug|x64
		{1606A518-5EC3-42FF-8083-A50B1A650816}.Debug|x86.ActiveCfg = Debug|Win32
		{1606A518-5EC3-42FF-8083-A50B1A650816}.Debug|x86.Build.0 = Debug|Win32
		{1606A518-5EC3-42FF-8083-A50B1A650816}.Release|x64.ActiveCfg = Release|x64
		{1606A518-5EC3-42FF-8083-A50B1A650816}.Release|x64.Build.0 = Release|x64
		{1606A518-5EC3-42FF-8083-A50B1A650816}.Release|x86.ActiveCfg = Release|Win32
		{1606A518-5EC3-42FF-8083-A50B1A650816}.Release|x86.Build.0 = Release|Win32
	EndGlobalSection
	GlobalSection(SolutionProperties) = preSolution
		HideSolutionNode = FALSE
	EndGlobalSection
	GlobalSection(ExtensibilityGlobals) = postSolution
		SolutionGuid = {B5B4B67F-5826-4B28-B825-2126CA274715}
	EndGlobalSection
EndGlobal
